
Microsoft Visual Studio Solution File, Format Version 12.00
# Visual Studio Version 17
VisualStudioVersion = 17.14.37111.16
MinimumVisualStudioVersion = 10.0.40219.1
Project("{8BC9CEB8-8B4A-11D0-8D11-00A0C91BC942}") = "ProcessDumper", "ProcessDumper\ProcessDumper.vcxproj", "{D4CEE1AC-E46F-4036-938F-43DAA12A8AEC}"
EndProject
Project("{8BC9CEB8-8B4A-11D0-8D11-00A0C91BC942}") = "IOCTL Driver", "IOCTL Driver\IOCTL Driver.vcxproj", "{CB57C3F3-C953-BE66-BEBA-1122C0DD0679}"
EndProject
Global
	GlobalSection(SolutionConfigurationPlatforms) = preSolution
		Debug|x64 = Debug|x64
		Debug|x86 = Debug|x86
		Release|x64 = Release|x64
		Release|x86 = Release|x86
	EndGlobalSection
	GlobalSection(ProjectConfigurationPlatforms) = postSolution
		{D4CEE1AC-E46F-4036-938F-43DAA12A8AEC}.Debug|x64.ActiveCfg = Debug|x64
		{D4CEE1AC-E46F-4036-938F-43DAA12A8AEC}.Debug|x64.Build.0 = Debug|x64
		{D4CEE1AC-E46F-4036-938F-43DAA12A8AEC}.Debug|x86.ActiveCfg = Debug|Win32
		{D4CEE1AC-E46F-4036-938F-43DAA12A8AEC}.Debug|x86.Build.0 = Debug|Win32
		{D4CEE1AC-E46F-4036-938F-43DAA12A8AEC}.Release|x64.ActiveCfg = Release|x64
		{D4CEE1AC-E46F-4036-938F-43DAA12A8AEC}.Release|x64.Build.0 = Release|x64
		{D4CEE1AC-E46F-4036-938F-43DAA12A8AEC}.Release|x86.ActiveCfg = Release|Win32
		{D4CEE1AC-E46F-4036-938F-43DAA12A8AEC}.Release|x86.Build.0 = Release|Win32
		{CB57C3F3-C953-BE66-BEBA-1122C0DD0679}.Debug|x64.ActiveCfg = Debug|x64
		{CB57C3F3-C953-BE66-BEBA-1122C0DD0679}.Debug|x64.Build.0 = Debug|x64
		{CB57C3F3-C953-BE66-BEBA-1122C0DD0679}.Debug|x64.Deploy.0 = Debug|x64
		{CB57C3F3-C953-BE66-BEBA-1122C0DD0679}.Debug|x86.ActiveCfg = Debug|x64
		{CB57C3F3-C953-BE66-BEBA-1122C0DD0679}.Debug|x86.Build.0 = Debug|x64
		{CB57C3F3-C953-BE66-BEBA-1122C0DD0679}.Debug|x86.Deploy.0 = Debug|x64
		{CB57C3F3-C953-BE66-BEBA-1122C0DD0679}.Release|x64.ActiveCfg = Release|x64
		{CB57C3F3-C953-BE66-BEBA-1122C0DD0679}.Release|x64.Build.0 = Release|x64
		{CB57C3F3-C953-BE66-BEBA-1122C0DD0679}.Release|x64.Deploy.0 = Release|x64
		{CB57C3F3-C953-BE66-BEBA-1122C0DD0679}.Release|x86.ActiveCfg = Release|x64
		{CB57C3F3-C953-BE66-BEBA-1122C0DD0679}.Release|x86.Build.0 = Release|x64
		{CB57C3F3-C953-BE66-BEBA-1122C0DD0679}.Release|x86.Deploy.0 = Release|x64
	EndGlobalSection
	GlobalSection(SolutionProperties) = preSolution
		HideSolutionNode = FALSE
	EndGlobalSection
	GlobalSection(ExtensibilityGlobals) = postSolution
		SolutionGuid = {20877770-1E85-444C-927C-24E8B852B77C}
	EndGlobalSection
EndGlobal
